[root]
name = "hat-backup"
version = "0.0.1-pre"
dependencies = [
 "clap 0.6.6 (registry+https://github.com/rust-lang/crates.io-index)",
 "num 0.1.23 (registry+https://github.com/rust-lang/crates.io-index)",
 "num-macros 0.1.22 (registry+https://github.com/rust-lang/crates.io-index)",
 "quickcheck 0.2.14 (registry+https://github.com/rust-lang/crates.io-index)",
 "quickcheck_macros 0.2.14 (registry+https://github.com/rust-lang/crates.io-index)",
 "rand 0.3.7 (registry+https://github.com/rust-lang/crates.io-index)",
 "rustc-serialize 0.3.12 (git+https://github.com/rust-lang/rustc-serialize)",
 "sodiumoxide 0.0.4 (git+https://github.com/dnaq/sodiumoxide)",
 "sqlite3 0.1.0 (git+https://github.com/linuxfood/rustsqlite)",
 "threadpool 0.1.4 (git+https://github.com/rust-lang/threadpool)",
 "time 0.1.24 (git+https://github.com/rust-lang/time)",
]

[[package]]
name = "clap"
version = "0.6.6"
source = "registry+https://github.com/rust-lang/crates.io-index"

[[package]]
name = "gcc"
version = "0.3.4"
source = "registry+https://github.com/rust-lang/crates.io-index"

[[package]]
name = "libc"
version = "0.1.6"
source = "registry+https://github.com/rust-lang/crates.io-index"

[[package]]
name = "libsodium-sys"
version = "0.0.4"
source = "registry+https://github.com/rust-lang/crates.io-index"
dependencies = [
 "libc 0.1.6 (registry+https://github.com/rust-lang/crates.io-index)",
]

[[package]]
name = "log"
version = "0.3.1"
source = "registry+https://github.com/rust-lang/crates.io-index"
dependencies = [
 "libc 0.1.6 (registry+https://github.com/rust-lang/crates.io-index)",
]

[[package]]
name = "num"
version = "0.1.23"
source = "registry+https://github.com/rust-lang/crates.io-index"
dependencies = [
 "rand 0.3.7 (registry+https://github.com/rust-lang/crates.io-index)",
 "rustc-serialize 0.3.14 (registry+https://github.com/rust-lang/crates.io-index)",
]

[[package]]
name = "num-macros"
version = "0.1.22"
source = "registry+https://github.com/rust-lang/crates.io-index"

[[package]]
name = "quickcheck"
version = "0.2.14"
source = "registry+https://github.com/rust-lang/crates.io-index"
dependencies = [
 "log 0.3.1 (registry+https://github.com/rust-lang/crates.io-index)",
 "rand 0.3.7 (registry+https://github.com/rust-lang/crates.io-index)",
]

[[package]]
name = "quickcheck_macros"
version = "0.2.14"
source = "registry+https://github.com/rust-lang/crates.io-index"
dependencies = [
 "quickcheck 0.2.14 (registry+https://github.com/rust-lang/crates.io-index)",
]

[[package]]
name = "rand"
version = "0.3.7"
source = "registry+https://github.com/rust-lang/crates.io-index"
dependencies = [
 "libc 0.1.6 (registry+https://github.com/rust-lang/crates.io-index)",
 "log 0.3.1 (registry+https://github.com/rust-lang/crates.io-index)",
]

[[package]]
name = "rustc-serialize"
version = "0.3.12"
source = "git+https://github.com/rust-lang/rustc-serialize#af950f07b9da419d66124c5ffe8c85dd23e0ddac"

[[package]]
name = "rustc-serialize"
version = "0.3.14"
source = "registry+https://github.com/rust-lang/crates.io-index"

[[package]]
name = "sodiumoxide"
version = "0.0.4"
source = "git+https://github.com/dnaq/sodiumoxide#7804fbd55d1041f93611517414ab926c6daed865"
dependencies = [
 "libc 0.1.6 (registry+https://github.com/rust-lang/crates.io-index)",
 "libsodium-sys 0.0.4 (registry+https://github.com/rust-lang/crates.io-index)",
]

[[package]]
name = "sqlite3"
version = "0.1.0"
source = "git+https://github.com/linuxfood/rustsqlite#d586703eeb4767108d34df5b3dd18eaee3b3f352"
dependencies = [
 "libc 0.1.6 (registry+https://github.com/rust-lang/crates.io-index)",
 "log 0.3.1 (registry+https://github.com/rust-lang/crates.io-index)",
]

[[package]]
name = "threadpool"
version = "0.1.4"
source = "git+https://github.com/rust-lang/threadpool#0be72d2149dcda5d3f522fad61d2b3cbf1290b3e"

[[package]]
name = "time"
version = "0.1.24"
source = "git+https://github.com/rust-lang/time#a7869dcee07de6df4e81b48bdfe137c70c153643"
dependencies = [
 "gcc 0.3.4 (registry+https://github.com/rust-lang/crates.io-index)",
 "libc 0.1.6 (registry+https://github.com/rust-lang/crates.io-index)",
]

